
Microsoft Visual Studio Solution File, Format Version 12.00
# Visual Studio Version 16
VisualStudioVersion = 16.0.31410.357
MinimumVisualStudioVersion = 10.0.40219.1
Project("{2150E333-8FDC-42A3-9474-1A3956D46DE8}") = "Application", "Application", "{89974D67-DB41-4841-8546-D9EE7E050B39}"
EndProject
Project("{2150E333-8FDC-42A3-9474-1A3956D46DE8}") = "Domain", "Domain", "{C0F13B93-01AC-4DED-8398-A37C569771C8}"
EndProject
Project("{2150E333-8FDC-42A3-9474-1A3956D46DE8}") = "Infra.IoC", "Infra.IoC", "{AE0AC337-9D5E-49DA-B6BA-09D61D97FE97}"
EndProject
Project("{2150E333-8FDC-42A3-9474-1A3956D46DE8}") = "Infra.Data", "Infra.Data", "{BF053EF4-1939-4A00-B482-DFC4F0F1DCFB}"
EndProject
Project("{2150E333-8FDC-42A3-9474-1A3956D46DE8}") = "Presentation", "Presentation", "{C69AB5B8-81A8-4489-BE2B-DA83D4D57513}"
EndProject
Project("{9A19103F-16F7-4668-BE54-9A1E7A4F7556}") = "CleanArch.Mvc", "CleanArch.Mvc\CleanArch.Mvc.csproj", "{14399BAB-8D83-458B-B9B7-BAFEC245DCBC}"
EndProject
Project("{FAE04EC0-301F-11D3-BF4B-00C04F79EFBC}") = "CleanArch.Domain", "CleanArch.Domain\CleanArch.Domain.csproj", "{E6671197-22AB-49CE-98AB-72863A5A03F0}"
EndProject
Project("{FAE04EC0-301F-11D3-BF4B-00C04F79EFBC}") = "CleanArch.Infra.Data", "CleanArch.Infra.Data\CleanArch.Infra.Data.csproj", "{D838FF31-DC4F-43BB-9ACF-AA431E9A8DC5}"
	ProjectSection(ProjectDependencies) = postProject
		{14399BAB-8D83-458B-B9B7-BAFEC245DCBC} = {14399BAB-8D83-458B-B9B7-BAFEC245DCBC}
	EndProjectSection
EndProject
Project("{FAE04EC0-301F-11D3-BF4B-00C04F79EFBC}") = "CleanArch.Application", "CleanArch.Application\CleanArch.Application.csproj", "{F8C6679C-5D0C-465A-8D64-E9F517B261F4}"
EndProject
Global
	GlobalSection(SolutionConfigurationPlatforms) = preSolution
		Debug|Any CPU = Debug|Any CPU
		Release|Any CPU = Release|Any CPU
	EndGlobalSection
	GlobalSection(ProjectConfigurationPlatforms) = postSolution
		{14399BAB-8D83-458B-B9B7-BAFEC245DCBC}.Debug|Any CPU.ActiveCfg = Debug|Any CPU
		{14399BAB-8D83-458B-B9B7-BAFEC245DCBC}.Debug|Any CPU.Build.0 = Debug|Any CPU
		{14399BAB-8D83-458B-B9B7-BAFEC245DCBC}.Release|Any CPU.ActiveCfg = Release|Any CPU
		{14399BAB-8D83-458B-B9B7-BAFEC245DCBC}.Release|Any CPU.Build.0 = Release|Any CPU
		{E6671197-22AB-49CE-98AB-72863A5A03F0}.Debug|Any CPU.ActiveCfg = Debug|Any CPU
		{E6671197-22AB-49CE-98AB-72863A5A03F0}.Debug|Any CPU.Build.0 = Debug|Any CPU
		{E6671197-22AB-49CE-98AB-72863A5A03F0}.Release|Any CPU.ActiveCfg = Release|Any CPU
		{E6671197-22AB-49CE-98AB-72863A5A03F0}.Release|Any CPU.Build.0 = Release|Any CPU
		{D838FF31-DC4F-43BB-9ACF-AA431E9A8DC5}.Debug|Any CPU.ActiveCfg = Debug|Any CPU
		{D838FF31-DC4F-43BB-9ACF-AA431E9A8DC5}.Debug|Any CPU.Build.0 = Debug|Any CPU
		{D838FF31-DC4F-43BB-9ACF-AA431E9A8DC5}.Release|Any CPU.ActiveCfg = Release|Any CPU
		{D838FF31-DC4F-43BB-9ACF-AA431E9A8DC5}.Release|Any CPU.Build.0 = Release|Any CPU
		{F8C6679C-5D0C-465A-8D64-E9F517B261F4}.Debug|Any CPU.ActiveCfg = Debug|Any CPU
		{F8C6679C-5D0C-465A-8D64-E9F517B261F4}.Debug|Any CPU.Build.0 = Debug|Any CPU
		{F8C6679C-5D0C-465A-8D64-E9F517B261F4}.Release|Any CPU.ActiveCfg = Release|Any CPU
		{F8C6679C-5D0C-465A-8D64-E9F517B261F4}.Release|Any CPU.Build.0 = Release|Any CPU
	EndGlobalSection
	GlobalSection(SolutionProperties) = preSolution
		HideSolutionNode = FALSE
	EndGlobalSection
	GlobalSection(NestedProjects) = preSolution
		{14399BAB-8D83-458B-B9B7-BAFEC245DCBC} = {C69AB5B8-81A8-4489-BE2B-DA83D4D57513}
		{E6671197-22AB-49CE-98AB-72863A5A03F0} = {C0F13B93-01AC-4DED-8398-A37C569771C8}
		{D838FF31-DC4F-43BB-9ACF-AA431E9A8DC5} = {BF053EF4-1939-4A00-B482-DFC4F0F1DCFB}
		{F8C6679C-5D0C-465A-8D64-E9F517B261F4} = {89974D67-DB41-4841-8546-D9EE7E050B39}
	EndGlobalSection
	GlobalSection(ExtensibilityGlobals) = postSolution
		SolutionGuid = {FA473A02-E484-4A92-B680-2821594FE60B}
	EndGlobalSection
EndGlobal
