
Microsoft Visual Studio Solution File, Format Version 12.00
# Visual Studio Version 16
VisualStudioVersion = 16.0.31410.357
MinimumVisualStudioVersion = 10.0.40219.1
Project("{2150E333-8FDC-42A3-9474-1A3956D46DE8}") = "CleanArch.Application", "CleanArch.Application", "{89974D67-DB41-4841-8546-D9EE7E050B39}"
EndProject
Project("{2150E333-8FDC-42A3-9474-1A3956D46DE8}") = "CleanArch.Domain", "CleanArch.Domain", "{C0F13B93-01AC-4DED-8398-A37C569771C8}"
EndProject
Project("{2150E333-8FDC-42A3-9474-1A3956D46DE8}") = "CleanArch.Infra.IoC", "CleanArch.Infra.IoC", "{AE0AC337-9D5E-49DA-B6BA-09D61D97FE97}"
EndProject
Project("{2150E333-8FDC-42A3-9474-1A3956D46DE8}") = "CleanArch.Infra.Data", "CleanArch.Infra.Data", "{BF053EF4-1939-4A00-B482-DFC4F0F1DCFB}"
EndProject
Project("{2150E333-8FDC-42A3-9474-1A3956D46DE8}") = "CleanArch.UI.Mvc", "CleanArch.UI.Mvc", "{C69AB5B8-81A8-4489-BE2B-DA83D4D57513}"
EndProject
Project("{FAE04EC0-301F-11D3-BF4B-00C04F79EFBC}") = "CleanArch.Mvc", "CleanArch.Mvc\CleanArch.Mvc.csproj", "{14399BAB-8D83-458B-B9B7-BAFEC245DCBC}"
EndProject
Global
	GlobalSection(SolutionConfigurationPlatforms) = preSolution
		Debug|Any CPU = Debug|Any CPU
		Release|Any CPU = Release|Any CPU
	EndGlobalSection
	GlobalSection(ProjectConfigurationPlatforms) = postSolution
		{14399BAB-8D83-458B-B9B7-BAFEC245DCBC}.Debug|Any CPU.ActiveCfg = Debug|Any CPU
		{14399BAB-8D83-458B-B9B7-BAFEC245DCBC}.Debug|Any CPU.Build.0 = Debug|Any CPU
		{14399BAB-8D83-458B-B9B7-BAFEC245DCBC}.Release|Any CPU.ActiveCfg = Release|Any CPU
		{14399BAB-8D83-458B-B9B7-BAFEC245DCBC}.Release|Any CPU.Build.0 = Release|Any CPU
	EndGlobalSection
	GlobalSection(SolutionProperties) = preSolution
		HideSolutionNode = FALSE
	EndGlobalSection
	GlobalSection(NestedProjects) = preSolution
		{14399BAB-8D83-458B-B9B7-BAFEC245DCBC} = {C69AB5B8-81A8-4489-BE2B-DA83D4D57513}
	EndGlobalSection
	GlobalSection(ExtensibilityGlobals) = postSolution
		SolutionGuid = {FA473A02-E484-4A92-B680-2821594FE60B}
	EndGlobalSection
EndGlobal
